{
  "name": "CH-UA",
  "lockfileVersion": 3,
  "requires": true,
  "packages": {
    "": {
      "dependencies": {
        "ua-parser-js": "^2.0.0-alpha.2"
      }
    },
    "node_modules/ua-parser-js": {
      "version": "2.0.0-alpha.2",
      "resolved": "https://registry.npmjs.org/ua-parser-js/-/ua-parser-js-2.0.0-alpha.2.tgz",
      "integrity": "sha512-Vz+BJN/EFC1OaUv0eu5kPyX7HEZIO7Dv29jIK7rMuKjUB1qqq+Is/XIpu5iV5XDvoNl62dM7ay8DtzYjBDI0WA==",
      "funding": [
        {
          "type": "opencollective",
          "url": "https://opencollective.com/ua-parser-js"
        },
        {
          "type": "paypal",
          "url": "https://paypal.me/faisalman"
        },
        {
          "type": "github",
          "url": "https://github.com/sponsors/faisalman"
        }
      ],
      "engines": {
        "node": "*"
      }
    }
  }
}
